
Microsoft Visual Studio Solution File, Format Version 12.00
# Visual Studio 14
VisualStudioVersion = 14.0.25420.1
MinimumVisualStudioVersion = 10.0.40219.1
Project("{FAE04EC0-301F-11D3-BF4B-00C04F79EFBC}") = "AnimalShelter", "AnimalShelter\AnimalShelter.csproj", "{CE9989DB-ED9F-4B38-8823-2AEE50078208}"
	ProjectSection(ProjectDependencies) = postProject
		{A9522376-811A-4C33-A2B5-4190F9A31707} = {A9522376-811A-4C33-A2B5-4190F9A31707}
	EndProjectSection
EndProject
Project("{FAE04EC0-301F-11D3-BF4B-00C04F79EFBC}") = "DLL", "DLL\DLL.csproj", "{A9522376-811A-4C33-A2B5-4190F9A31707}"
EndProject
Project("{FAE04EC0-301F-11D3-BF4B-00C04F79EFBC}") = "AnimalshelterUnitTests", "AnimalshelterUnitTests\AnimalshelterUnitTests.csproj", "{0C5BE276-0FFD-4137-96C7-CABD75CF9483}"
EndProject
Global
	GlobalSection(SolutionConfigurationPlatforms) = preSolution
		Debug|Any CPU = Debug|Any CPU
		Release|Any CPU = Release|Any CPU
	EndGlobalSection
	GlobalSection(ProjectConfigurationPlatforms) = postSolution
		{CE9989DB-ED9F-4B38-8823-2AEE50078208}.Debug|Any CPU.ActiveCfg = Debug|Any CPU
		{CE9989DB-ED9F-4B38-8823-2AEE50078208}.Debug|Any CPU.Build.0 = Debug|Any CPU
		{CE9989DB-ED9F-4B38-8823-2AEE50078208}.Release|Any CPU.ActiveCfg = Release|Any CPU
		{CE9989DB-ED9F-4B38-8823-2AEE50078208}.Release|Any CPU.Build.0 = Release|Any CPU
		{A9522376-811A-4C33-A2B5-4190F9A31707}.Debug|Any CPU.ActiveCfg = Debug|Any CPU
		{A9522376-811A-4C33-A2B5-4190F9A31707}.Debug|Any CPU.Build.0 = Debug|Any CPU
		{A9522376-811A-4C33-A2B5-4190F9A31707}.Release|Any CPU.ActiveCfg = Release|Any CPU
		{A9522376-811A-4C33-A2B5-4190F9A31707}.Release|Any CPU.Build.0 = Release|Any CPU
		{0C5BE276-0FFD-4137-96C7-CABD75CF9483}.Debug|Any CPU.ActiveCfg = Debug|Any CPU
		{0C5BE276-0FFD-4137-96C7-CABD75CF9483}.Debug|Any CPU.Build.0 = Debug|Any CPU
		{0C5BE276-0FFD-4137-96C7-CABD75CF9483}.Release|Any CPU.ActiveCfg = Release|Any CPU
		{0C5BE276-0FFD-4137-96C7-CABD75CF9483}.Release|Any CPU.Build.0 = Release|Any CPU
	EndGlobalSection
	GlobalSection(SolutionProperties) = preSolution
		HideSolutionNode = FALSE
	EndGlobalSection
EndGlobal
